
Microsoft Visual Studio Solution File, Format Version 12.00
# Visual Studio Version 17
VisualStudioVersion = 17.8.34408.163
MinimumVisualStudioVersion = 10.0.40219.1
Project("{FAE04EC0-301F-11D3-BF4B-00C04F79EFBC}") = "MiddlewareLogin", "MiddlewareLogin\MiddlewareLogin.csproj", "{C51EF321-798B-47ED-9A0C-B17E4E5340FA}"
EndProject
Global
	GlobalSection(SolutionConfigurationPlatforms) = preSolution
		Debug|Any CPU = Debug|Any CPU
		Release|Any CPU = Release|Any CPU
	EndGlobalSection
	GlobalSection(ProjectConfigurationPlatforms) = postSolution
		{C51EF321-798B-47ED-9A0C-B17E4E5340FA}.Debug|Any CPU.ActiveCfg = Debug|Any CPU
		{C51EF321-798B-47ED-9A0C-B17E4E5340FA}.Debug|Any CPU.Build.0 = Debug|Any CPU
		{C51EF321-798B-47ED-9A0C-B17E4E5340FA}.Release|Any CPU.ActiveCfg = Release|Any CPU
		{C51EF321-798B-47ED-9A0C-B17E4E5340FA}.Release|Any CPU.Build.0 = Release|Any CPU
	EndGlobalSection
	GlobalSection(SolutionProperties) = preSolution
		HideSolutionNode = FALSE
	EndGlobalSection
	GlobalSection(ExtensibilityGlobals) = postSolution
		SolutionGuid = {10268914-CC1D-48F9-811A-F76BF9B80A99}
	EndGlobalSection
EndGlobal
