
Microsoft Visual Studio Solution File, Format Version 12.00
# Visual Studio Version 17
VisualStudioVersion = 17.8.34408.163
MinimumVisualStudioVersion = 10.0.40219.1
Project("{FAE04EC0-301F-11D3-BF4B-00C04F79EFBC}") = "MathApp", "MathApp\MathApp.csproj", "{D78D3674-C238-4090-A7D0-3DCAF4306155}"
EndProject
Global
	GlobalSection(SolutionConfigurationPlatforms) = preSolution
		Debug|Any CPU = Debug|Any CPU
		Release|Any CPU = Release|Any CPU
	EndGlobalSection
	GlobalSection(ProjectConfigurationPlatforms) = postSolution
		{D78D3674-C238-4090-A7D0-3DCAF4306155}.Debug|Any CPU.ActiveCfg = Debug|Any CPU
		{D78D3674-C238-4090-A7D0-3DCAF4306155}.Debug|Any CPU.Build.0 = Debug|Any CPU
		{D78D3674-C238-4090-A7D0-3DCAF4306155}.Release|Any CPU.ActiveCfg = Release|Any CPU
		{D78D3674-C238-4090-A7D0-3DCAF4306155}.Release|Any CPU.Build.0 = Release|Any CPU
	EndGlobalSection
	GlobalSection(SolutionProperties) = preSolution
		HideSolutionNode = FALSE
	EndGlobalSection
	GlobalSection(ExtensibilityGlobals) = postSolution
		SolutionGuid = {7BEBAF18-05FB-4CCF-9F04-E006A501DBB7}
	EndGlobalSection
EndGlobal
